
Microsoft Visual Studio Solution File, Format Version 12.00
# Visual Studio Version 17
VisualStudioVersion = 17.14.36414.22 d17.14
MinimumVisualStudioVersion = 10.0.40219.1
Project("{FAE04EC0-301F-11D3-BF4B-00C04F79EFBC}") = "POO_1", "POO_1\POO_1.csproj", "{45302D5D-CAE7-4D53-9841-212849D048B9}"
EndProject
Global
	GlobalSection(SolutionConfigurationPlatforms) = preSolution
		Debug|Any CPU = Debug|Any CPU
		Release|Any CPU = Release|Any CPU
	EndGlobalSection
	GlobalSection(ProjectConfigurationPlatforms) = postSolution
		{45302D5D-CAE7-4D53-9841-212849D048B9}.Debug|Any CPU.ActiveCfg = Debug|Any CPU
		{45302D5D-CAE7-4D53-9841-212849D048B9}.Debug|Any CPU.Build.0 = Debug|Any CPU
		{45302D5D-CAE7-4D53-9841-212849D048B9}.Release|Any CPU.ActiveCfg = Release|Any CPU
		{45302D5D-CAE7-4D53-9841-212849D048B9}.Release|Any CPU.Build.0 = Release|Any CPU
	EndGlobalSection
	GlobalSection(SolutionProperties) = preSolution
		HideSolutionNode = FALSE
	EndGlobalSection
	GlobalSection(ExtensibilityGlobals) = postSolution
		SolutionGuid = {C26AAFC6-0A45-4D2E-939C-146504427777}
	EndGlobalSection
EndGlobal
