
Microsoft Visual Studio Solution File, Format Version 12.00
# Visual Studio Version 17
VisualStudioVersion = 17.14.36414.22 d17.14
MinimumVisualStudioVersion = 10.0.40219.1
Project("{FAE04EC0-301F-11D3-BF4B-00C04F79EFBC}") = "OperadoresL", "OperadoresL\OperadoresL.csproj", "{8EDD4837-59B2-4FD0-BA49-4B8E40311058}"
EndProject
Global
	GlobalSection(SolutionConfigurationPlatforms) = preSolution
		Debug|Any CPU = Debug|Any CPU
		Release|Any CPU = Release|Any CPU
	EndGlobalSection
	GlobalSection(ProjectConfigurationPlatforms) = postSolution
		{8EDD4837-59B2-4FD0-BA49-4B8E40311058}.Debug|Any CPU.ActiveCfg = Debug|Any CPU
		{8EDD4837-59B2-4FD0-BA49-4B8E40311058}.Debug|Any CPU.Build.0 = Debug|Any CPU
		{8EDD4837-59B2-4FD0-BA49-4B8E40311058}.Release|Any CPU.ActiveCfg = Release|Any CPU
		{8EDD4837-59B2-4FD0-BA49-4B8E40311058}.Release|Any CPU.Build.0 = Release|Any CPU
	EndGlobalSection
	GlobalSection(SolutionProperties) = preSolution
		HideSolutionNode = FALSE
	EndGlobalSection
	GlobalSection(ExtensibilityGlobals) = postSolution
		SolutionGuid = {C44D9220-F730-42C2-B7B3-67E212864833}
	EndGlobalSection
EndGlobal
